{
  "name": "rover-soft",
  "lockfileVersion": 2,
  "requires": true,
  "packages": {
    "": {
      "dependencies": {
        "mobile-device-detect": "^0.4.3",
        "vue-cookies": "^1.7.4"
      }
    },
    "node_modules/mobile-device-detect": {
      "version": "0.4.3",
      "resolved": "https://registry.npmjs.org/mobile-device-detect/-/mobile-device-detect-0.4.3.tgz",
      "integrity": "sha512-SN9EBE9SoJgkb83kuUVoIp3R9OGYE5dYEnLEz2oLooh0DzgtQ72BJmpNGqrgFvmfE4iLR2CaVJ3RjUcStheVZg=="
    },
    "node_modules/vue-cookies": {
      "version": "1.7.4",
      "resolved": "https://registry.npmjs.org/vue-cookies/-/vue-cookies-1.7.4.tgz",
      "integrity": "sha512-mOS5Btr8V9zvAtkmQ7/TfqJIropOx7etDAgBywPCmHjvfJl2gFbH2XgoMghleLoyyMTi5eaJss0mPN7arMoslA=="
    }
  },
  "dependencies": {
    "mobile-device-detect": {
      "version": "0.4.3",
      "resolved": "https://registry.npmjs.org/mobile-device-detect/-/mobile-device-detect-0.4.3.tgz",
      "integrity": "sha512-SN9EBE9SoJgkb83kuUVoIp3R9OGYE5dYEnLEz2oLooh0DzgtQ72BJmpNGqrgFvmfE4iLR2CaVJ3RjUcStheVZg=="
    },
    "vue-cookies": {
      "version": "1.7.4",
      "resolved": "https://registry.npmjs.org/vue-cookies/-/vue-cookies-1.7.4.tgz",
      "integrity": "sha512-mOS5Btr8V9zvAtkmQ7/TfqJIropOx7etDAgBywPCmHjvfJl2gFbH2XgoMghleLoyyMTi5eaJss0mPN7arMoslA=="
    }
  }
}
